
Microsoft Visual Studio Solution File, Format Version 12.00
# Visual Studio Version 16
VisualStudioVersion = 16.0.29521.150
MinimumVisualStudioVersion = 10.0.40219.1
Project("{FAE04EC0-301F-11D3-BF4B-00C04F79EFBC}") = "MyWcfService", "MyWcfService\MyWcfService.csproj", "{62B12215-C975-44AE-8714-9A5E676D138C}"
EndProject
Project("{FAE04EC0-301F-11D3-BF4B-00C04F79EFBC}") = "ConsoleApp", "ConsoleApp\ConsoleApp.csproj", "{0399FF7A-7C3B-411E-BBA4-1DFF87B4EFBE}"
EndProject
Project("{FAE04EC0-301F-11D3-BF4B-00C04F79EFBC}") = "WinFormsApp", "WinFormsApp\WinFormsApp.csproj", "{C4D34ACE-C696-43F7-AE3E-FB5778EB8677}"
EndProject
Global
	GlobalSection(SolutionConfigurationPlatforms) = preSolution
		Debug|Any CPU = Debug|Any CPU
		Release|Any CPU = Release|Any CPU
	EndGlobalSection
	GlobalSection(ProjectConfigurationPlatforms) = postSolution
		{62B12215-C975-44AE-8714-9A5E676D138C}.Debug|Any CPU.ActiveCfg = Debug|Any CPU
		{62B12215-C975-44AE-8714-9A5E676D138C}.Debug|Any CPU.Build.0 = Debug|Any CPU
		{62B12215-C975-44AE-8714-9A5E676D138C}.Release|Any CPU.ActiveCfg = Release|Any CPU
		{62B12215-C975-44AE-8714-9A5E676D138C}.Release|Any CPU.Build.0 = Release|Any CPU
		{0399FF7A-7C3B-411E-BBA4-1DFF87B4EFBE}.Debug|Any CPU.ActiveCfg = Debug|Any CPU
		{0399FF7A-7C3B-411E-BBA4-1DFF87B4EFBE}.Debug|Any CPU.Build.0 = Debug|Any CPU
		{0399FF7A-7C3B-411E-BBA4-1DFF87B4EFBE}.Release|Any CPU.ActiveCfg = Release|Any CPU
		{0399FF7A-7C3B-411E-BBA4-1DFF87B4EFBE}.Release|Any CPU.Build.0 = Release|Any CPU
		{C4D34ACE-C696-43F7-AE3E-FB5778EB8677}.Debug|Any CPU.ActiveCfg = Debug|Any CPU
		{C4D34ACE-C696-43F7-AE3E-FB5778EB8677}.Debug|Any CPU.Build.0 = Debug|Any CPU
		{C4D34ACE-C696-43F7-AE3E-FB5778EB8677}.Release|Any CPU.ActiveCfg = Release|Any CPU
		{C4D34ACE-C696-43F7-AE3E-FB5778EB8677}.Release|Any CPU.Build.0 = Release|Any CPU
	EndGlobalSection
	GlobalSection(SolutionProperties) = preSolution
		HideSolutionNode = FALSE
	EndGlobalSection
	GlobalSection(ExtensibilityGlobals) = postSolution
		SolutionGuid = {DCD320F4-6EAF-4AF2-AA7D-52F5D3EECBFD}
	EndGlobalSection
EndGlobal
